<Solution>
  <Folder Name="/skills/">
    <Project Path="skills/laser-lightburn/tools/LightBurn.Format/LightBurn.Format.csproj" />
    <Project Path="skills/laser-lightburn/tools/LightBurn.Probes/LightBurn.Probes.csproj" />
  </Folder>
  <Folder Name="/tests/">
    <Project Path="tests/LightBurn.Format.Tests/LightBurn.Format.Tests.csproj" />
  </Folder>
</Solution>
